github.com/dgrijalva/jwt-go v3.2.0+incompatible h1:7qlOGliEKZXTDg6OTjfoBKDXWrumCAMpl/TFQ4/5kLM=
github.com/dgrijalva/jwt-go v3.2.0+incompatible/go.mod h1:E3ru+11k8xSBh+hMPgOLZmtrrCbhqsmaPHjLKYnJCaQ=
github.com/dgrijalva/jwt-go v3.2.1-0.20190620180102-5e25c22bd5d6+incompatible h1:4jGdduO4ceTJFKf0IhgaB8NJapGqKHwC2b4xQ/cXujM=
github.com/dgrijalva/jwt-go v3.2.1-0.20190620180102-5e25c22bd5d6+incompatible/go.mod h1:E3ru+11k8xSBh+hMPgOLZmtrrCbhqsmaPHjLKYnJCaQ=
